<Solution>
  <Folder Name="/src/">
    <Project Path="src/OneZeroErp.Application/OneZeroErp.Application.csproj" />
    <Project Path="src/OneZeroErp.Domain/OneZeroErp.Domain.csproj" />
    <Project Path="src/OneZeroErp.IdentityAccess/OneZeroErp.IdentityAccess.csproj" />
    <Project Path="src/OneZeroErp.Infrastructure/OneZeroErp.Infrastructure.csproj" />
    <Project Path="src/OneZeroErp.SharedUi/OneZeroErp.SharedUi.csproj" />
    <Project Path="src/OneZeroErp.Web/OneZeroErp.Web.csproj" />
  </Folder>
  <Folder Name="/tests/">
    <Project Path="tests/OneZeroErp.ComponentTests/OneZeroErp.ComponentTests.csproj" />
    <Project Path="tests/OneZeroErp.UnitTests/OneZeroErp.UnitTests.csproj" />
  </Folder>
</Solution>
